
Microsoft Visual Studio Solution File, Format Version 12.00
# Visual Studio Version 17
VisualStudioVersion = 17.3.32819.101
MinimumVisualStudioVersion = 10.0.40219.1
Project("{FAE04EC0-301F-11D3-BF4B-00C04F79EFBC}") = "GlobalExceptionHandlingDemo", "GlobalExceptionHandlingDemo\GlobalExceptionHandlingDemo.csproj", "{9C386861-865A-4E5E-AB77-35DA7006368C}"
EndProject
Global
	GlobalSection(SolutionConfigurationPlatforms) = preSolution
		Debug|Any CPU = Debug|Any CPU
		Release|Any CPU = Release|Any CPU
	EndGlobalSection
	GlobalSection(ProjectConfigurationPlatforms) = postSolution
		{9C386861-865A-4E5E-AB77-35DA7006368C}.Debug|Any CPU.ActiveCfg = Debug|Any CPU
		{9C386861-865A-4E5E-AB77-35DA7006368C}.Debug|Any CPU.Build.0 = Debug|Any CPU
		{9C386861-865A-4E5E-AB77-35DA7006368C}.Release|Any CPU.ActiveCfg = Release|Any CPU
		{9C386861-865A-4E5E-AB77-35DA7006368C}.Release|Any CPU.Build.0 = Release|Any CPU
	EndGlobalSection
	GlobalSection(SolutionProperties) = preSolution
		HideSolutionNode = FALSE
	EndGlobalSection
	GlobalSection(ExtensibilityGlobals) = postSolution
		SolutionGuid = {F16F5B99-175E-4A3A-8CAD-07CCA8743A1D}
	EndGlobalSection
EndGlobal
